
Microsoft Visual Studio Solution File, Format Version 12.00
# Visual Studio Version 16
VisualStudioVersion = 16.0.30611.23
MinimumVisualStudioVersion = 10.0.40219.1
Project("{FAE04EC0-301F-11D3-BF4B-00C04F79EFBC}") = "MusicPlayerApp", "MusicPlayerApp\MusicPlayerApp.csproj", "{D0187B9F-200D-4AA2-BDC6-09B0B0F5A53C}"
EndProject
Global
	GlobalSection(SolutionConfigurationPlatforms) = preSolution
		Debug|Any CPU = Debug|Any CPU
		Release|Any CPU = Release|Any CPU
	EndGlobalSection
	GlobalSection(ProjectConfigurationPlatforms) = postSolution
		{D0187B9F-200D-4AA2-BDC6-09B0B0F5A53C}.Debug|Any CPU.ActiveCfg = Debug|Any CPU
		{D0187B9F-200D-4AA2-BDC6-09B0B0F5A53C}.Debug|Any CPU.Build.0 = Debug|Any CPU
		{D0187B9F-200D-4AA2-BDC6-09B0B0F5A53C}.Release|Any CPU.ActiveCfg = Release|Any CPU
		{D0187B9F-200D-4AA2-BDC6-09B0B0F5A53C}.Release|Any CPU.Build.0 = Release|Any CPU
	EndGlobalSection
	GlobalSection(SolutionProperties) = preSolution
		HideSolutionNode = FALSE
	EndGlobalSection
	GlobalSection(ExtensibilityGlobals) = postSolution
		SolutionGuid = {5AC97DD0-C41A-4ECF-AB3D-C3D4B1314C90}
	EndGlobalSection
EndGlobal
